
Microsoft Visual Studio Solution File, Format Version 12.00
# Visual Studio Version 17
VisualStudioVersion = 17.0.31903.59
MinimumVisualStudioVersion = 10.0.40219.1
Project("{FAE04EC0-301F-11D3-BF4B-00C04F79EFBC}") = "ControleGastosResidenciais.Core", "ControleGastosResidenciais.Core\ControleGastosResidenciais.Core.csproj", "{D0805D05-6B0B-4C3C-AC17-ED0132621AAB}"
EndProject
Project("{FAE04EC0-301F-11D3-BF4B-00C04F79EFBC}") = "ControleGastosResidenciais.Infraestrutura", "ControleGastosResidenciais.Infraestrutura\ControleGastosResidenciais.Infraestrutura.csproj", "{513396AA-43D0-4D1A-A5B0-D26F74551B96}"
EndProject
Project("{FAE04EC0-301F-11D3-BF4B-00C04F79EFBC}") = "ControleGastosResidenciais.API", "ControleGastosResidenciais.API\ControleGastosResidenciais.API.csproj", "{F00E22E1-8384-44BF-8501-3207C195D16B}"
EndProject
Project("{FAE04EC0-301F-11D3-BF4B-00C04F79EFBC}") = "ControleGastosResidenciais.Testes", "ControleGastosResidenciais.Testes\ControleGastosResidenciais.Testes.csproj", "{66DBEC02-F4AA-4F7F-BDDB-73B569DCE58B}"
EndProject
Global
	GlobalSection(SolutionConfigurationPlatforms) = preSolution
		Debug|Any CPU = Debug|Any CPU
		Debug|x64 = Debug|x64
		Debug|x86 = Debug|x86
		Release|Any CPU = Release|Any CPU
		Release|x64 = Release|x64
		Release|x86 = Release|x86
	EndGlobalSection
	GlobalSection(ProjectConfigurationPlatforms) = postSolution
		{D0805D05-6B0B-4C3C-AC17-ED0132621AAB}.Debug|Any CPU.ActiveCfg = Debug|Any CPU
		{D0805D05-6B0B-4C3C-AC17-ED0132621AAB}.Debug|Any CPU.Build.0 = Debug|Any CPU
		{D0805D05-6B0B-4C3C-AC17-ED0132621AAB}.Debug|x64.ActiveCfg = Debug|Any CPU
		{D0805D05-6B0B-4C3C-AC17-ED0132621AAB}.Debug|x64.Build.0 = Debug|Any CPU
		{D0805D05-6B0B-4C3C-AC17-ED0132621AAB}.Debug|x86.ActiveCfg = Debug|Any CPU
		{D0805D05-6B0B-4C3C-AC17-ED0132621AAB}.Debug|x86.Build.0 = Debug|Any CPU
		{D0805D05-6B0B-4C3C-AC17-ED0132621AAB}.Release|Any CPU.ActiveCfg = Release|Any CPU
		{D0805D05-6B0B-4C3C-AC17-ED0132621AAB}.Release|Any CPU.Build.0 = Release|Any CPU
		{D0805D05-6B0B-4C3C-AC17-ED0132621AAB}.Release|x64.ActiveCfg = Release|Any CPU
		{D0805D05-6B0B-4C3C-AC17-ED0132621AAB}.Release|x64.Build.0 = Release|Any CPU
		{D0805D05-6B0B-4C3C-AC17-ED0132621AAB}.Release|x86.ActiveCfg = Release|Any CPU
		{D0805D05-6B0B-4C3C-AC17-ED0132621AAB}.Release|x86.Build.0 = Release|Any CPU
		{513396AA-43D0-4D1A-A5B0-D26F74551B96}.Debug|Any CPU.ActiveCfg = Debug|Any CPU
		{513396AA-43D0-4D1A-A5B0-D26F74551B96}.Debug|Any CPU.Build.0 = Debug|Any CPU
		{513396AA-43D0-4D1A-A5B0-D26F74551B96}.Debug|x64.ActiveCfg = Debug|Any CPU
		{513396AA-43D0-4D1A-A5B0-D26F74551B96}.Debug|x64.Build.0 = Debug|Any CPU
		{513396AA-43D0-4D1A-A5B0-D26F74551B96}.Debug|x86.ActiveCfg = Debug|Any CPU
		{513396AA-43D0-4D1A-A5B0-D26F74551B96}.Debug|x86.Build.0 = Debug|Any CPU
		{513396AA-43D0-4D1A-A5B0-D26F74551B96}.Release|Any CPU.ActiveCfg = Release|Any CPU
		{513396AA-43D0-4D1A-A5B0-D26F74551B96}.Release|Any CPU.Build.0 = Release|Any CPU
		{513396AA-43D0-4D1A-A5B0-D26F74551B96}.Release|x64.ActiveCfg = Release|Any CPU
		{513396AA-43D0-4D1A-A5B0-D26F74551B96}.Release|x64.Build.0 = Release|Any CPU
		{513396AA-43D0-4D1A-A5B0-D26F74551B96}.Release|x86.ActiveCfg = Release|Any CPU
		{513396AA-43D0-4D1A-A5B0-D26F74551B96}.Release|x86.Build.0 = Release|Any CPU
		{F00E22E1-8384-44BF-8501-3207C195D16B}.Debug|Any CPU.ActiveCfg = Debug|Any CPU
		{F00E22E1-8384-44BF-8501-3207C195D16B}.Debug|Any CPU.Build.0 = Debug|Any CPU
		{F00E22E1-8384-44BF-8501-3207C195D16B}.Debug|x64.ActiveCfg = Debug|Any CPU
		{F00E22E1-8384-44BF-8501-3207C195D16B}.Debug|x64.Build.0 = Debug|Any CPU
		{F00E22E1-8384-44BF-8501-3207C195D16B}.Debug|x86.ActiveCfg = Debug|Any CPU
		{F00E22E1-8384-44BF-8501-3207C195D16B}.Debug|x86.Build.0 = Debug|Any CPU
		{F00E22E1-8384-44BF-8501-3207C195D16B}.Release|Any CPU.ActiveCfg = Release|Any CPU
		{F00E22E1-8384-44BF-8501-3207C195D16B}.Release|Any CPU.Build.0 = Release|Any CPU
		{F00E22E1-8384-44BF-8501-3207C195D16B}.Release|x64.ActiveCfg = Release|Any CPU
		{F00E22E1-8384-44BF-8501-3207C195D16B}.Release|x64.Build.0 = Release|Any CPU
		{F00E22E1-8384-44BF-8501-3207C195D16B}.Release|x86.ActiveCfg = Release|Any CPU
		{F00E22E1-8384-44BF-8501-3207C195D16B}.Release|x86.Build.0 = Release|Any CPU
		{66DBEC02-F4AA-4F7F-BDDB-73B569DCE58B}.Debug|Any CPU.ActiveCfg = Debug|Any CPU
		{66DBEC02-F4AA-4F7F-BDDB-73B569DCE58B}.Debug|Any CPU.Build.0 = Debug|Any CPU
		{66DBEC02-F4AA-4F7F-BDDB-73B569DCE58B}.Debug|x64.ActiveCfg = Debug|Any CPU
		{66DBEC02-F4AA-4F7F-BDDB-73B569DCE58B}.Debug|x64.Build.0 = Debug|Any CPU
		{66DBEC02-F4AA-4F7F-BDDB-73B569DCE58B}.Debug|x86.ActiveCfg = Debug|Any CPU
		{66DBEC02-F4AA-4F7F-BDDB-73B569DCE58B}.Debug|x86.Build.0 = Debug|Any CPU
		{66DBEC02-F4AA-4F7F-BDDB-73B569DCE58B}.Release|Any CPU.ActiveCfg = Release|Any CPU
		{66DBEC02-F4AA-4F7F-BDDB-73B569DCE58B}.Release|Any CPU.Build.0 = Release|Any CPU
		{66DBEC02-F4AA-4F7F-BDDB-73B569DCE58B}.Release|x64.ActiveCfg = Release|Any CPU
		{66DBEC02-F4AA-4F7F-BDDB-73B569DCE58B}.Release|x64.Build.0 = Release|Any CPU
		{66DBEC02-F4AA-4F7F-BDDB-73B569DCE58B}.Release|x86.ActiveCfg = Release|Any CPU
		{66DBEC02-F4AA-4F7F-BDDB-73B569DCE58B}.Release|x86.Build.0 = Release|Any CPU
	EndGlobalSection
	GlobalSection(SolutionProperties) = preSolution
		HideSolutionNode = FALSE
	EndGlobalSection
EndGlobal
